<Solution>
  <Project Path="MijnCopilot.Agents/MijnCopilot.Agents.csproj" />
  <Project Path="MijnCopilot.Application/MijnCopilot.Application.csproj" />
  <Project Path="MijnCopilot.Contracts/MijnCopilot.Contracts.csproj" />
  <Project Path="MijnCopilot.Model/MijnCopilot.Model.csproj" />
  <Project Path="MijnCopilot.Web/MijnCopilot.Web.csproj" />
  <Project Path="MijnCopilot.Orleans.Host/MijnCopilot.Orleans.Host.csproj" />
</Solution>
